
Microsoft Visual Studio Solution File, Format Version 12.00
# Visual Studio Version 17
VisualStudioVersion = 17.10.35027.167
MinimumVisualStudioVersion = 10.0.40219.1
Project("{8BC9CEB8-8B4A-11D0-8D11-00A0C91BC942}") = "MetalSlug", "MetalSlug\MetalSlug.vcxproj", "{94856F5F-361A-4BDC-8960-65E86D3BA123}"
EndProject
Global
	GlobalSection(SolutionConfigurationPlatforms) = preSolution
		Debug|x64 = Debug|x64
		Debug|x86 = Debug|x86
		Release|x64 = Release|x64
		Release|x86 = Release|x86
	EndGlobalSection
	GlobalSection(ProjectConfigurationPlatforms) = postSolution
		{94856F5F-361A-4BDC-8960-65E86D3BA123}.Debug|x64.ActiveCfg = Debug|x64
		{94856F5F-361A-4BDC-8960-65E86D3BA123}.Debug|x64.Build.0 = Debug|x64
		{94856F5F-361A-4BDC-8960-65E86D3BA123}.Debug|x86.ActiveCfg = Debug|Win32
		{94856F5F-361A-4BDC-8960-65E86D3BA123}.Debug|x86.Build.0 = Debug|Win32
		{94856F5F-361A-4BDC-8960-65E86D3BA123}.Release|x64.ActiveCfg = Release|x64
		{94856F5F-361A-4BDC-8960-65E86D3BA123}.Release|x64.Build.0 = Release|x64
		{94856F5F-361A-4BDC-8960-65E86D3BA123}.Release|x86.ActiveCfg = Release|Win32
		{94856F5F-361A-4BDC-8960-65E86D3BA123}.Release|x86.Build.0 = Release|Win32
	EndGlobalSection
	GlobalSection(SolutionProperties) = preSolution
		HideSolutionNode = FALSE
	EndGlobalSection
	GlobalSection(ExtensibilityGlobals) = postSolution
		SolutionGuid = {F5D160CB-60C3-4A81-978B-688A9A8F9F57}
	EndGlobalSection
EndGlobal
