<?xml version="1.0" encoding="utf-8"?>
<Project ToolsVersion="4.0" xmlns="http://schemas.microsoft.com/developer/msbuild/2003">
  <ItemGroup>
    <Filter Include="Resource Files">
      <UniqueIdentifier>{67DA6AB6-F800-4c08-8B7A-83BB121AAD01}</UniqueIdentifier>
      <Extensions>rc;ico;cur;bmp;dlg;rc2;rct;bin;rgs;gif;jpg;jpeg;jpe;resx;tiff;tif;png;wav;mfcribbon-ms</Extensions>
    </Filter>
    <Filter Include="Animation">
      <UniqueIdentifier>{15ba548a-e7a8-40f4-83b6-99ae3dfbbdca}</UniqueIdentifier>
    </Filter>
    <Filter Include="Objects">
      <UniqueIdentifier>{c81be515-9011-4fff-8059-1289ef496b03}</UniqueIdentifier>
    </Filter>
    <Filter Include="System">
      <UniqueIdentifier>{eaf30a71-dc10-4fc2-b192-6d1b3c9498f0}</UniqueIdentifier>
    </Filter>
  </ItemGroup>
  <ItemGroup>
    <ClInclude Include="AnimEri.h">
      <Filter>Animation</Filter>
    </ClInclude>
    <ClInclude Include="AnimRebelSoldier.h">
      <Filter>Animation</Filter>
    </ClInclude>
    <ClInclude Include="Bullet.h">
      <Filter>Objects</Filter>
    </ClInclude>
    <ClInclude Include="Collision.h">
      <Filter>Objects</Filter>
    </ClInclude>
    <ClInclude Include="Enemy.h">
      <Filter>Objects</Filter>
    </ClInclude>
    <ClInclude Include="Geometry.h">
      <Filter>Objects</Filter>
    </ClInclude>
    <ClInclude Include="RebelProjectile.h">
      <Filter>Objects</Filter>
    </ClInclude>
    <ClInclude Include="RebelSoldier.h">
      <Filter>Objects</Filter>
    </ClInclude>
    <ClInclude Include="Player.h">
      <Filter>Objects</Filter>
    </ClInclude>
    <ClInclude Include="Camera.h">
      <Filter>Objects</Filter>
    </ClInclude>
    <ClInclude Include="Bitmap.h">
      <Filter>System</Filter>
    </ClInclude>
    <ClInclude Include="CSound.h">
      <Filter>System</Filter>
    </ClInclude>
    <ClInclude Include="CSoundMgr.h">
      <Filter>System</Filter>
    </ClInclude>
    <ClInclude Include="framework.h">
      <Filter>System</Filter>
    </ClInclude>
    <ClInclude Include="Game.h">
      <Filter>System</Filter>
    </ClInclude>
    <ClInclude Include="Images.h">
      <Filter>System</Filter>
    </ClInclude>
    <ClInclude Include="MetalSlug.h">
      <Filter>System</Filter>
    </ClInclude>
    <ClInclude Include="Resource.h">
      <Filter>System</Filter>
    </ClInclude>
    <ClInclude Include="SelectScreen.h">
      <Filter>System</Filter>
    </ClInclude>
    <ClInclude Include="targetver.h">
      <Filter>System</Filter>
    </ClInclude>
    <ClInclude Include="SoundRes.h" />
    <ClInclude Include="WeaponSFX.h">
      <Filter>Animation</Filter>
    </ClInclude>
  </ItemGroup>
  <ItemGroup>
    <ClCompile Include="AnimEri.cpp">
      <Filter>Animation</Filter>
    </ClCompile>
    <ClCompile Include="AnimRebelSoldier.cpp">
      <Filter>Animation</Filter>
    </ClCompile>
    <ClCompile Include="Bullet.cpp">
      <Filter>Objects</Filter>
    </ClCompile>
    <ClCompile Include="Enemy.cpp">
      <Filter>Objects</Filter>
    </ClCompile>
    <ClCompile Include="Player.cpp">
      <Filter>Objects</Filter>
    </ClCompile>
    <ClCompile Include="RebelSoldier.cpp">
      <Filter>Objects</Filter>
    </ClCompile>
    <ClCompile Include="RebelProjectile.cpp">
      <Filter>Objects</Filter>
    </ClCompile>
    <ClCompile Include="Geometry.cpp">
      <Filter>Objects</Filter>
    </ClCompile>
    <ClCompile Include="Camera.cpp">
      <Filter>Objects</Filter>
    </ClCompile>
    <ClCompile Include="Collision.cpp">
      <Filter>Objects</Filter>
    </ClCompile>
    <ClCompile Include="Bitmap.cpp">
      <Filter>System</Filter>
    </ClCompile>
    <ClCompile Include="CSound.cpp">
      <Filter>System</Filter>
    </ClCompile>
    <ClCompile Include="CSoundMgr.cpp">
      <Filter>System</Filter>
    </ClCompile>
    <ClCompile Include="Game.cpp">
      <Filter>System</Filter>
    </ClCompile>
    <ClCompile Include="Images.cpp">
      <Filter>System</Filter>
    </ClCompile>
    <ClCompile Include="SelectScreen.cpp">
      <Filter>System</Filter>
    </ClCompile>
    <ClCompile Include="MetalSlug.cpp">
      <Filter>System</Filter>
    </ClCompile>
    <ClCompile Include="SoundRes.cpp" />
    <ClCompile Include="WeaponSFX.cpp">
      <Filter>Animation</Filter>
    </ClCompile>
  </ItemGroup>
  <ItemGroup>
    <ResourceCompile Include="MetalSlug.rc">
      <Filter>Resource Files</Filter>
    </ResourceCompile>
  </ItemGroup>
  <ItemGroup>
    <Image Include="small.ico">
      <Filter>Resource Files</Filter>
    </Image>
    <Image Include="MetalSlug.ico">
      <Filter>Resource Files</Filter>
    </Image>
  </ItemGroup>
</Project>